
Microsoft Visual Studio Solution File, Format Version 12.00
# Visual Studio Version 17
VisualStudioVersion = 17.11.35327.3
MinimumVisualStudioVersion = 10.0.40219.1
Project("{00D1A9C2-B5F0-4AF3-8072-F6C62B433612}") = "Sandaga_Company", "Sandaga_Company\Sandaga_Company.sqlproj", "{6B4B2F09-F7F1-4497-B126-7887484F24FA}"
EndProject
Project("{FAE04EC0-301F-11D3-BF4B-00C04F79EFBC}") = "Sandaga-web", "Sandaga-web\Sandaga-web.csproj", "{FB1F6C41-06EA-4B9F-A827-D4DBADEC7912}"
EndProject
Global
	GlobalSection(SolutionConfigurationPlatforms) = preSolution
		Debug|Any CPU = Debug|Any CPU
		Release|Any CPU = Release|Any CPU
	EndGlobalSection
	GlobalSection(ProjectConfigurationPlatforms) = postSolution
		{6B4B2F09-F7F1-4497-B126-7887484F24FA}.Debug|Any CPU.ActiveCfg = Debug|Any CPU
		{6B4B2F09-F7F1-4497-B126-7887484F24FA}.Debug|Any CPU.Build.0 = Debug|Any CPU
		{6B4B2F09-F7F1-4497-B126-7887484F24FA}.Debug|Any CPU.Deploy.0 = Debug|Any CPU
		{6B4B2F09-F7F1-4497-B126-7887484F24FA}.Release|Any CPU.ActiveCfg = Release|Any CPU
		{6B4B2F09-F7F1-4497-B126-7887484F24FA}.Release|Any CPU.Build.0 = Release|Any CPU
		{6B4B2F09-F7F1-4497-B126-7887484F24FA}.Release|Any CPU.Deploy.0 = Release|Any CPU
		{FB1F6C41-06EA-4B9F-A827-D4DBADEC7912}.Debug|Any CPU.ActiveCfg = Debug|Any CPU
		{FB1F6C41-06EA-4B9F-A827-D4DBADEC7912}.Debug|Any CPU.Build.0 = Debug|Any CPU
		{FB1F6C41-06EA-4B9F-A827-D4DBADEC7912}.Release|Any CPU.ActiveCfg = Release|Any CPU
		{FB1F6C41-06EA-4B9F-A827-D4DBADEC7912}.Release|Any CPU.Build.0 = Release|Any CPU
	EndGlobalSection
	GlobalSection(SolutionProperties) = preSolution
		HideSolutionNode = FALSE
	EndGlobalSection
	GlobalSection(ExtensibilityGlobals) = postSolution
		SolutionGuid = {8F90134B-21B2-416D-8588-DE23716BE3C7}
	EndGlobalSection
EndGlobal
